
Microsoft Visual Studio Solution File, Format Version 12.00
Project("{FAE04EC0-301F-11D3-BF4B-00C04F79EFBC}") = "messomatVisualizer", "messomatVisualizer\messomatVisualizer\messomatVisualizer.csproj", "{72318913-41A5-4D3D-B3C6-C5E58856986D}"
EndProject
Project("{FAE04EC0-301F-11D3-BF4B-00C04F79EFBC}") = "messomatVisualizer.Client", "messomatVisualizer\messomatVisualizer.Client\messomatVisualizer.Client.csproj", "{20864C74-9189-4EEA-B6EF-99A5AC595373}"
EndProject
Global
	GlobalSection(SolutionConfigurationPlatforms) = preSolution
		Debug|Any CPU = Debug|Any CPU
		Release|Any CPU = Release|Any CPU
	EndGlobalSection
	GlobalSection(ProjectConfigurationPlatforms) = postSolution
		{72318913-41A5-4D3D-B3C6-C5E58856986D}.Debug|Any CPU.ActiveCfg = Debug|Any CPU
		{72318913-41A5-4D3D-B3C6-C5E58856986D}.Debug|Any CPU.Build.0 = Debug|Any CPU
		{72318913-41A5-4D3D-B3C6-C5E58856986D}.Release|Any CPU.ActiveCfg = Release|Any CPU
		{72318913-41A5-4D3D-B3C6-C5E58856986D}.Release|Any CPU.Build.0 = Release|Any CPU
		{20864C74-9189-4EEA-B6EF-99A5AC595373}.Debug|Any CPU.ActiveCfg = Debug|Any CPU
		{20864C74-9189-4EEA-B6EF-99A5AC595373}.Debug|Any CPU.Build.0 = Debug|Any CPU
		{20864C74-9189-4EEA-B6EF-99A5AC595373}.Release|Any CPU.ActiveCfg = Release|Any CPU
		{20864C74-9189-4EEA-B6EF-99A5AC595373}.Release|Any CPU.Build.0 = Release|Any CPU
	EndGlobalSection
EndGlobal
